<?xml version="1.0" encoding="utf-8"?>
<Project ToolsVersion="4.0" xmlns="http://schemas.microsoft.com/developer/msbuild/2003">
  <ItemGroup>
    <Filter Include="Source Files">
      <UniqueIdentifier>{4FC737F1-C7A5-4376-A066-2A32D752A2FF}</UniqueIdentifier>
      <Extensions>cpp;c;cc;cxx;def;odl;idl;hpj;bat;asm;asmx</Extensions>
    </Filter>
    <Filter Include="Header Files">
      <UniqueIdentifier>{74eeb021-f1c3-44a5-8295-b28c779b244b}</UniqueIdentifier>
    </Filter>
  </ItemGroup>
  <ItemGroup>
    <ClInclude Include="..\libs\headers\AuxiliaryTypes.hpp">
      <Filter>Header Files</Filter>
    </ClInclude>
    <ClInclude Include="..\libs\headers\Algorithms.hpp">
      <Filter>Header Files</Filter>
    </ClInclude>
    <ClInclude Include="..\libs\headers\Error.hpp">
      <Filter>Header Files</Filter>
    </ClInclude>
    <ClInclude Include="..\libs\headers\Knapsack2D.hpp">
      <Filter>Header Files</Filter>
    </ClInclude>
    <ClInclude Include="..\libs\headers\Task.hpp">
      <Filter>Header Files</Filter>
    </ClInclude>
    <ClInclude Include="..\libs\headers\AuxiliaryFuncs.hpp">
      <Filter>Header Files</Filter>
    </ClInclude>
    <ClInclude Include="..\libs\headers\InverseKnapsack2D.hpp">
      <Filter>Header Files</Filter>
    </ClInclude>
    <ClInclude Include="..\libs\headers\Frobenius.hpp">
      <Filter>Header Files</Filter>
    </ClInclude>
  </ItemGroup>
  <ItemGroup>
    <ClCompile Include="..\libs\source\Algorithms.cpp">
      <Filter>Source Files</Filter>
    </ClCompile>
    <ClCompile Include="..\libs\source\Knapsack2D.cpp">
      <Filter>Source Files</Filter>
    </ClCompile>
    <ClCompile Include="..\libs\source\AuxiliaryFuncs.cpp">
      <Filter>Source Files</Filter>
    </ClCompile>
    <ClCompile Include="..\libs\source\InverseKnapsack2D.cpp">
      <Filter>Source Files</Filter>
    </ClCompile>
    <ClCompile Include="..\libs\source\Frobenius.cpp">
      <Filter>Source Files</Filter>
    </ClCompile>
  </ItemGroup>
</Project>