<?xml version="1.0" encoding="utf-8"?>
<Project ToolsVersion="4.0" xmlns="http://schemas.microsoft.com/developer/msbuild/2003">
  <ItemGroup>
    <Filter Include="Source Files">
      <UniqueIdentifier>{4FC737F1-C7A5-4376-A066-2A32D752A2FF}</UniqueIdentifier>
      <Extensions>cpp;c;cc;cxx;def;odl;idl;hpj;bat;asm;asmx</Extensions>
    </Filter>
    <Filter Include="Header Files">
      <UniqueIdentifier>{74eeb021-f1c3-44a5-8295-b28c779b244b}</UniqueIdentifier>
    </Filter>
  </ItemGroup>
  <ItemGroup>
    <ClInclude Include="..\libs\headers\algorithms.h">
      <Filter>Header Files</Filter>
    </ClInclude>
    <ClInclude Include="..\libs\headers\types.h">
      <Filter>Header Files</Filter>
    </ClInclude>
    <ClInclude Include="..\libs\headers\task.h">
      <Filter>Header Files</Filter>
    </ClInclude>
    <ClInclude Include="..\libs\headers\knapsack_2d_polytop.h">
      <Filter>Header Files</Filter>
    </ClInclude>
  </ItemGroup>
  <ItemGroup>
    <ClCompile Include="..\libs\source\knapsack_2d_polytop.cc">
      <Filter>Source Files</Filter>
    </ClCompile>
    <ClCompile Include="..\libs\source\algorithms.cc">
      <Filter>Source Files</Filter>
    </ClCompile>
  </ItemGroup>
</Project>